
Microsoft Visual Studio Solution File, Format Version 12.00
# Visual Studio Version 16
VisualStudioVersion = 16.0.31729.503
MinimumVisualStudioVersion = 10.0.40219.1
Project("{FAE04EC0-301F-11D3-BF4B-00C04F79EFBC}") = "PteroSharp", "PteroSharp\PteroSharp.csproj", "{4986BD92-DC32-43B2-A2B4-E4C6B8D6FBEE}"
EndProject
Project("{FAE04EC0-301F-11D3-BF4B-00C04F79EFBC}") = "PteroSharpTest", "PteroSharpTest\PteroSharpTest.csproj", "{AAA85A2E-D399-4633-87AF-58891C797CE7}"
EndProject
Global
	GlobalSection(SolutionConfigurationPlatforms) = preSolution
		Debug|Any CPU = Debug|Any CPU
		Release|Any CPU = Release|Any CPU
	EndGlobalSection
	GlobalSection(ProjectConfigurationPlatforms) = postSolution
		{4986BD92-DC32-43B2-A2B4-E4C6B8D6FBEE}.Debug|Any CPU.ActiveCfg = Debug|Any CPU
		{4986BD92-DC32-43B2-A2B4-E4C6B8D6FBEE}.Debug|Any CPU.Build.0 = Debug|Any CPU
		{4986BD92-DC32-43B2-A2B4-E4C6B8D6FBEE}.Release|Any CPU.ActiveCfg = Release|Any CPU
		{4986BD92-DC32-43B2-A2B4-E4C6B8D6FBEE}.Release|Any CPU.Build.0 = Release|Any CPU
		{AAA85A2E-D399-4633-87AF-58891C797CE7}.Debug|Any CPU.ActiveCfg = Debug|Any CPU
		{AAA85A2E-D399-4633-87AF-58891C797CE7}.Debug|Any CPU.Build.0 = Debug|Any CPU
		{AAA85A2E-D399-4633-87AF-58891C797CE7}.Release|Any CPU.ActiveCfg = Release|Any CPU
		{AAA85A2E-D399-4633-87AF-58891C797CE7}.Release|Any CPU.Build.0 = Release|Any CPU
	EndGlobalSection
	GlobalSection(SolutionProperties) = preSolution
		HideSolutionNode = FALSE
	EndGlobalSection
	GlobalSection(ExtensibilityGlobals) = postSolution
		SolutionGuid = {7C0A6236-2A02-415D-BE39-9ABB43A8DFCC}
	EndGlobalSection
EndGlobal
